// !$*UTF8*$!
{
	archiveVersion = 1;
	classes = {
	};
	objectVersion = 50;
	objects = {

/* Begin PBXBuildFile section */
		7C499A6C221A87B600251EC0 /* LivePhotoViewController.swift in Sources */ = {isa = PBXBuildFile; fileRef = 7C499A6B221A87B600251EC0 /* LivePhotoViewController.swift */; };
		7C92B951221A737700ED3ABC /* AppDelegate.swift in Sources */ = {isa = PBXBuildFile; fileRef = 7C92B950221A737700ED3ABC /* AppDelegate.swift */; };
		7C92B953221A737700ED3ABC /* MainViewController.swift in Sources */ = {isa = PBXBuildFile; fileRef = 7C92B952221A737700ED3ABC /* MainViewController.swift */; };
		7C92B958221A737800ED3ABC /* Assets.xcassets in Resources */ = {isa = PBXBuildFile; fileRef = 7C92B957221A737800ED3ABC /* Assets.xcassets */; };
		7C92B95B221A737800ED3ABC /* LaunchScreen.storyboard in Resources */ = {isa = PBXBuildFile; fileRef = 7C92B959221A737800ED3ABC /* LaunchScreen.storyboard */; };
		7CD0E3F02231E499001291BE /* LivePhoto.swift in Sources */ = {isa = PBXBuildFile; fileRef = 7CD0E3EE2231E499001291BE /* LivePhoto.swift */; };
		7CD0E3F12231E499001291BE /* LivePhotoGenerator.swift in Sources */ = {isa = PBXBuildFile; fileRef = 7CD0E3EF2231E499001291BE /* LivePhotoGenerator.swift */; };
		7CD0E3F42231E4A8001291BE /* image.JPEG in Resources */ = {isa = PBXBuildFile; fileRef = 7CD0E3F22231E4A8001291BE /* image.JPEG */; };
		7CD0E3F52231E4A8001291BE /* video.MOV in Resources */ = {isa = PBXBuildFile; fileRef = 7CD0E3F32231E4A8001291BE /* video.MOV */; };
		7CD0E3F72231E522001291BE /* ActionButton.swift in Sources */ = {isa = PBXBuildFile; fileRef = 7CD0E3F62231E522001291BE /* ActionButton.swift */; };
/* End PBXBuildFile section */

/* Begin PBXFileReference section */
		7C499A6B221A87B600251EC0 /* LivePhotoViewController.swift */ = {isa = PBXFileReference; lastKnownFileType = sourcecode.swift; path = LivePhotoViewController.swift; sourceTree = "<group>"; };
		7C92B94D221A737700ED3ABC /* Demo.app */ = {isa = PBXFileReference; explicitFileType = wrapper.application; includeInIndex = 0; path = Demo.app; sourceTree = BUILT_PRODUCTS_DIR; };
		7C92B950221A737700ED3ABC /* AppDelegate.swift */ = {isa = PBXFileReference; lastKnownFileType = sourcecode.swift; path = AppDelegate.swift; sourceTree = "<group>"; };
		7C92B952221A737700ED3ABC /* MainViewController.swift */ = {isa = PBXFileReference; lastKnownFileType = sourcecode.swift; path = MainViewController.swift; sourceTree = "<group>"; };
		7C92B957221A737800ED3ABC /* Assets.xcassets */ = {isa = PBXFileReference; lastKnownFileType = folder.assetcatalog; path = Assets.xcassets; sourceTree = "<group>"; };
		7C92B95A221A737800ED3ABC /* Base */ = {isa = PBXFileReference; lastKnownFileType = file.storyboard; name = Base; path = Base.lproj/LaunchScreen.storyboard; sourceTree = "<group>"; };
		7C92B95C221A737800ED3ABC /* Info.plist */ = {isa = PBXFileReference; lastKnownFileType = text.plist.xml; path = Info.plist; sourceTree = "<group>"; };
		7CD0E3EE2231E499001291BE /* LivePhoto.swift */ = {isa = PBXFileReference; fileEncoding = 4; lastKnownFileType = sourcecode.swift; name = LivePhoto.swift; path = ../../../LivePhoto.swift; sourceTree = "<group>"; };
		7CD0E3EF2231E499001291BE /* LivePhotoGenerator.swift */ = {isa = PBXFileReference; fileEncoding = 4; lastKnownFileType = sourcecode.swift; name = LivePhotoGenerator.swift; path = ../../../LivePhotoGenerator.swift; sourceTree = "<group>"; };
		7CD0E3F22231E4A8001291BE /* image.JPEG */ = {isa = PBXFileReference; lastKnownFileType = image.jpeg; path = image.JPEG; sourceTree = SOURCE_ROOT; };
		7CD0E3F32231E4A8001291BE /* video.MOV */ = {isa = PBXFileReference; lastKnownFileType = video.quicktime; path = video.MOV; sourceTree = SOURCE_ROOT; };
		7CD0E3F62231E522001291BE /* ActionButton.swift */ = {isa = PBXFileReference; lastKnownFileType = sourcecode.swift; path = ActionButton.swift; sourceTree = "<group>"; };
/* End PBXFileReference section */

/* Begin PBXFrameworksBuildPhase section */
		7C92B94A221A737700ED3ABC /* Frameworks */ = {
			isa = PBXFrameworksBuildPhase;
			buildActionMask = 2147483647;
			files = (
			);
			runOnlyForDeploymentPostprocessing = 0;
		};
/* End PBXFrameworksBuildPhase section */

/* Begin PBXGroup section */
		7C92B944221A737700ED3ABC = {
			isa = PBXGroup;
			children = (
				7CD0E3EB2231E350001291BE /* Resources */,
				7C92B94F221A737700ED3ABC /* Demo */,
				7C92B94E221A737700ED3ABC /* Products */,
			);
			sourceTree = "<group>";
		};
		7C92B94E221A737700ED3ABC /* Products */ = {
			isa = PBXGroup;
			children = (
				7C92B94D221A737700ED3ABC /* Demo.app */,
			);
			name = Products;
			sourceTree = "<group>";
		};
		7C92B94F221A737700ED3ABC /* Demo */ = {
			isa = PBXGroup;
			children = (
				7CD0E3ED2231E3DA001291BE /* LPG */,
				7CD0E3EA2231E2DF001291BE /* Controllers */,
				7CD0E3EC2231E3A1001291BE /* Views */,
				7C92B950221A737700ED3ABC /* AppDelegate.swift */,
				7C92B95C221A737800ED3ABC /* Info.plist */,
			);
			path = Demo;
			sourceTree = "<group>";
		};
		7CD0E3EA2231E2DF001291BE /* Controllers */ = {
			isa = PBXGroup;
			children = (
				7C92B952221A737700ED3ABC /* MainViewController.swift */,
				7C499A6B221A87B600251EC0 /* LivePhotoViewController.swift */,
			);
			path = Controllers;
			sourceTree = "<group>";
		};
		7CD0E3EB2231E350001291BE /* Resources */ = {
			isa = PBXGroup;
			children = (
				7C92B957221A737800ED3ABC /* Assets.xcassets */,
				7C92B959221A737800ED3ABC /* LaunchScreen.storyboard */,
			);
			path = Resources;
			sourceTree = "<group>";
		};
		7CD0E3EC2231E3A1001291BE /* Views */ = {
			isa = PBXGroup;
			children = (
				7CD0E3F62231E522001291BE /* ActionButton.swift */,
			);
			path = Views;
			sourceTree = "<group>";
		};
		7CD0E3ED2231E3DA001291BE /* LPG */ = {
			isa = PBXGroup;
			children = (
				7CD0E3EE2231E499001291BE /* LivePhoto.swift */,
				7CD0E3EF2231E499001291BE /* LivePhotoGenerator.swift */,
				7CD0E3F22231E4A8001291BE /* image.JPEG */,
				7CD0E3F32231E4A8001291BE /* video.MOV */,
			);
			path = LPG;
			sourceTree = "<group>";
		};
/* End PBXGroup section */

/* Begin PBXNativeTarget section */
		7C92B94C221A737700ED3ABC /* Demo */ = {
			isa = PBXNativeTarget;
			buildConfigurationList = 7C92B95F221A737800ED3ABC /* Build configuration list for PBXNativeTarget "Demo" */;
			buildPhases = (
				7C92B949221A737700ED3ABC /* Sources */,
				7C92B94A221A737700ED3ABC /* Frameworks */,
				7C92B94B221A737700ED3ABC /* Resources */,
			);
			buildRules = (
			);
			dependencies = (
			);
			name = Demo;
			productName = Demo;
			productReference = 7C92B94D221A737700ED3ABC /* Demo.app */;
			productType = "com.apple.product-type.application";
		};
/* End PBXNativeTarget section */

/* Begin PBXProject section */
		7C92B945221A737700ED3ABC /* Project object */ = {
			isa = PBXProject;
			attributes = {
				LastSwiftUpdateCheck = 1010;
				LastUpgradeCheck = 1010;
				ORGANIZATIONNAME = "Oleg Abalonski";
				TargetAttributes = {
					7C92B94C221A737700ED3ABC = {
						CreatedOnToolsVersion = 10.1;
					};
				};
			};
			buildConfigurationList = 7C92B948221A737700ED3ABC /* Build configuration list for PBXProject "Demo" */;
			compatibilityVersion = "Xcode 9.3";
			developmentRegion = en;
			hasScannedForEncodings = 0;
			knownRegions = (
				en,
				Base,
			);
			mainGroup = 7C92B944221A737700ED3ABC;
			productRefGroup = 7C92B94E221A737700ED3ABC /* Products */;
			projectDirPath = "";
			projectRoot = "";
			targets = (
				7C92B94C221A737700ED3ABC /* Demo */,
			);
		};
/* End PBXProject section */

/* Begin PBXResourcesBuildPhase section */
		7C92B94B221A737700ED3ABC /* Resources */ = {
			isa = PBXResourcesBuildPhase;
			buildActionMask = 2147483647;
			files = (
				7CD0E3F52231E4A8001291BE /* video.MOV in Resources */,
				7CD0E3F42231E4A8001291BE /* image.JPEG in Resources */,
				7C92B95B221A737800ED3ABC /* LaunchScreen.storyboard in Resources */,
				7C92B958221A737800ED3ABC /* Assets.xcassets in Resources */,
			);
			runOnlyForDeploymentPostprocessing = 0;
		};
/* End PBXResourcesBuildPhase section */

/* Begin PBXSourcesBuildPhase section */
		7C92B949221A737700ED3ABC /* Sources */ = {
			isa = PBXSourcesBuildPhase;
			buildActionMask = 2147483647;
			files = (
				7CD0E3F12231E499001291BE /* LivePhotoGenerator.swift in Sources */,
				7CD0E3F02231E499001291BE /* LivePhoto.swift in Sources */,
				7C499A6C221A87B600251EC0 /* LivePhotoViewController.swift in Sources */,
				7C92B953221A737700ED3ABC /* MainViewController.swift in Sources */,
				7C92B951221A737700ED3ABC /* AppDelegate.swift in Sources */,
				7CD0E3F72231E522001291BE /* ActionButton.swift in Sources */,
			);
			runOnlyForDeploymentPostprocessing = 0;
		};
/* End PBXSourcesBuildPhase section */

/* Begin PBXVariantGroup section */
		7C92B959221A737800ED3ABC /* LaunchScreen.storyboard */ = {
			isa = PBXVariantGroup;
			children = (
				7C92B95A221A737800ED3ABC /* Base */,
			);
			name = LaunchScreen.storyboard;
			sourceTree = "<group>";
		};
/* End PBXVariantGroup section */

/* Begin XCBuildConfiguration section */
		7C92B95D221A737800ED3ABC /* Debug */ = {
			isa = XCBuildConfiguration;
			buildSettings = {
				ALWAYS_SEARCH_USER_PATHS = NO;
				CLANG_ANALYZER_NONNULL = YES;
				CLANG_ANALYZER_NUMBER_OBJECT_CONVERSION = YES_AGGRESSIVE;
				CLANG_CXX_LANGUAGE_STANDARD = "gnu++14";
				CLANG_CXX_LIBRARY = "libc++";
				CLANG_ENABLE_MODULES = YES;
				CLANG_ENABLE_OBJC_ARC = YES;
				CLANG_ENABLE_OBJC_WEAK = YES;
				CLANG_WARN_BLOCK_CAPTURE_AUTORELEASING = YES;
				CLANG_WARN_BOOL_CONVERSION = YES;
				CLANG_WARN_COMMA = YES;
				CLANG_WARN_CONSTANT_CONVERSION = YES;
				CLANG_WARN_DEPRECATED_OBJC_IMPLEMENTATIONS = YES;
				CLANG_WARN_DIRECT_OBJC_ISA_USAGE = YES_ERROR;
				CLANG_WARN_DOCUMENTATION_COMMENTS = YES;
				CLANG_WARN_EMPTY_BODY = YES;
				CLANG_WARN_ENUM_CONVERSION = YES;
				CLANG_WARN_INFINITE_RECURSION = YES;
				CLANG_WARN_INT_CONVERSION = YES;
				CLANG_WARN_NON_LITERAL_NULL_CONVERSION = YES;
				CLANG_WARN_OBJC_IMPLICIT_RETAIN_SELF = YES;
				CLANG_WARN_OBJC_LITERAL_CONVERSION = YES;
				CLANG_WARN_OBJC_ROOT_CLASS = YES_ERROR;
				CLANG_WARN_RANGE_LOOP_ANALYSIS = YES;
				CLANG_WARN_STRICT_PROTOTYPES = YES;
				CLANG_WARN_SUSPICIOUS_MOVE = YES;
				CLANG_WARN_UNGUARDED_AVAILABILITY = YES_AGGRESSIVE;
				CLANG_WARN_UNREACHABLE_CODE = YES;
				CLANG_WARN__DUPLICATE_METHOD_MATCH = YES;
				CODE_SIGN_IDENTITY = "iPhone Developer";
				COPY_PHASE_STRIP = NO;
				DEBUG_INFORMATION_FORMAT = dwarf;
				ENABLE_STRICT_OBJC_MSGSEND = YES;
				ENABLE_TESTABILITY = YES;
				GCC_C_LANGUAGE_STANDARD = gnu11;
				GCC_DYNAMIC_NO_PIC = NO;
				GCC_NO_COMMON_BLOCKS = YES;
				GCC_OPTIMIZATION_LEVEL = 0;
				GCC_PREPROCESSOR_DEFINITIONS = (
					"DEBUG=1",
					"$(inherited)",
				);
				GCC_WARN_64_TO_32_BIT_CONVERSION = YES;
				GCC_WARN_ABOUT_RETURN_TYPE = YES_ERROR;
				GCC_WARN_UNDECLARED_SELECTOR = YES;
				GCC_WARN_UNINITIALIZED_AUTOS = YES_AGGRESSIVE;
				GCC_WARN_UNUSED_FUNCTION = YES;
				GCC_WARN_UNUSED_VARIABLE = YES;
				IPHONEOS_DEPLOYMENT_TARGET = 12.1;
				MTL_ENABLE_DEBUG_INFO = INCLUDE_SOURCE;
				MTL_FAST_MATH = YES;
				ONLY_ACTIVE_ARCH = YES;
				SDKROOT = iphoneos;
				SWIFT_ACTIVE_COMPILATION_CONDITIONS = DEBUG;
				SWIFT_OPTIMIZATION_LEVEL = "-Onone";
			};
			name = Debug;
		};
		7C92B95E221A737800ED3ABC /* Release */ = {
			isa = XCBuildConfiguration;
			buildSettings = {
				ALWAYS_SEARCH_USER_PATHS = NO;
				CLANG_ANALYZER_NONNULL = YES;
				CLANG_ANALYZER_NUMBER_OBJECT_CONVERSION = YES_AGGRESSIVE;
				CLANG_CXX_LANGUAGE_STANDARD = "gnu++14";
				CLANG_CXX_LIBRARY = "libc++";
				CLANG_ENABLE_MODULES = YES;
				CLANG_ENABLE_OBJC_ARC = YES;
				CLANG_ENABLE_OBJC_WEAK = YES;
				CLANG_WARN_BLOCK_CAPTURE_AUTORELEASING = YES;
				CLANG_WARN_BOOL_CONVERSION = YES;
				CLANG_WARN_COMMA = YES;
				CLANG_WARN_CONSTANT_CONVERSION = YES;
				CLANG_WARN_DEPRECATED_OBJC_IMPLEMENTATIONS = YES;
				CLANG_WARN_DIRECT_OBJC_ISA_USAGE = YES_ERROR;
				CLANG_WARN_DOCUMENTATION_COMMENTS = YES;
				CLANG_WARN_EMPTY_BODY = YES;
				CLANG_WARN_ENUM_CONVERSION = YES;
				CLANG_WARN_INFINITE_RECURSION = YES;
				CLANG_WARN_INT_CONVERSION = YES;
				CLANG_WARN_NON_LITERAL_NULL_CONVERSION = YES;
				CLANG_WARN_OBJC_IMPLICIT_RETAIN_SELF = YES;
				CLANG_WARN_OBJC_LITERAL_CONVERSION = YES;
				CLANG_WARN_OBJC_ROOT_CLASS = YES_ERROR;
				CLANG_WARN_RANGE_LOOP_ANALYSIS = YES;
				CLANG_WARN_STRICT_PROTOTYPES = YES;
				CLANG_WARN_SUSPICIOUS_MOVE = YES;
				CLANG_WARN_UNGUARDED_AVAILABILITY = YES_AGGRESSIVE;
				CLANG_WARN_UNREACHABLE_CODE = YES;
				CLANG_WARN__DUPLICATE_METHOD_MATCH = YES;
				CODE_SIGN_IDENTITY = "iPhone Developer";
				COPY_PHASE_STRIP = NO;
				DEBUG_INFORMATION_FORMAT = "dwarf-with-dsym";
				ENABLE_NS_ASSERTIONS = NO;
				ENABLE_STRICT_OBJC_MSGSEND = YES;
				GCC_C_LANGUAGE_STANDARD = gnu11;
				GCC_NO_COMMON_BLOCKS = YES;
				GCC_WARN_64_TO_32_BIT_CONVERSION = YES;
				GCC_WARN_ABOUT_RETURN_TYPE = YES_ERROR;
				GCC_WARN_UNDECLARED_SELECTOR = YES;
				GCC_WARN_UNINITIALIZED_AUTOS = YES_AGGRESSIVE;
				GCC_WARN_UNUSED_FUNCTION = YES;
				GCC_WARN_UNUSED_VARIABLE = YES;
				IPHONEOS_DEPLOYMENT_TARGET = 12.1;
				MTL_ENABLE_DEBUG_INFO = NO;
				MTL_FAST_MATH = YES;
				SDKROOT = iphoneos;
				SWIFT_COMPILATION_MODE = wholemodule;
				SWIFT_OPTIMIZATION_LEVEL = "-O";
				VALIDATE_PRODUCT = YES;
			};
			name = Release;
		};
		7C92B960221A737800ED3ABC /* Debug */ = {
			isa = XCBuildConfiguration;
			buildSettings = {
				ASSETCATALOG_COMPILER_APPICON_NAME = AppIcon;
				CODE_SIGN_STYLE = Automatic;
				DEVELOPMENT_TEAM = 5M53C658XH;
				INFOPLIST_FILE = Demo/Info.plist;
				LD_RUNPATH_SEARCH_PATHS = (
					"$(inherited)",
					"@executable_path/Frameworks",
				);
				MTL_ENABLE_DEBUG_INFO = YES;
				PRODUCT_BUNDLE_IDENTIFIER = com.DemoApp.Demo;
				PRODUCT_NAME = "$(TARGET_NAME)";
				SWIFT_VERSION = 4.2;
				TARGETED_DEVICE_FAMILY = "1,2";
			};
			name = Debug;
		};
		7C92B961221A737800ED3ABC /* Release */ = {
			isa = XCBuildConfiguration;
			buildSettings = {
				ASSETCATALOG_COMPILER_APPICON_NAME = AppIcon;
				CODE_SIGN_STYLE = Automatic;
				DEVELOPMENT_TEAM = 5M53C658XH;
				INFOPLIST_FILE = Demo/Info.plist;
				LD_RUNPATH_SEARCH_PATHS = (
					"$(inherited)",
					"@executable_path/Frameworks",
				);
				MTL_ENABLE_DEBUG_INFO = NO;
				PRODUCT_BUNDLE_IDENTIFIER = com.DemoApp.Demo;
				PRODUCT_NAME = "$(TARGET_NAME)";
				SWIFT_VERSION = 4.2;
				TARGETED_DEVICE_FAMILY = "1,2";
			};
			name = Release;
		};
/* End XCBuildConfiguration section */

/* Begin XCConfigurationList section */
		7C92B948221A737700ED3ABC /* Build configuration list for PBXProject "Demo" */ = {
			isa = XCConfigurationList;
			buildConfigurations = (
				7C92B95D221A737800ED3ABC /* Debug */,
				7C92B95E221A737800ED3ABC /* Release */,
			);
			defaultConfigurationIsVisible = 0;
			defaultConfigurationName = Release;
		};
		7C92B95F221A737800ED3ABC /* Build configuration list for PBXNativeTarget "Demo" */ = {
			isa = XCConfigurationList;
			buildConfigurations = (
				7C92B960221A737800ED3ABC /* Debug */,
				7C92B961221A737800ED3ABC /* Release */,
			);
			defaultConfigurationIsVisible = 0;
			defaultConfigurationName = Release;
		};
/* End XCConfigurationList section */
	};
	rootObject = 7C92B945221A737700ED3ABC /* Project object */;
}
